PODS:
  - Farge (0.1.0)

DEPENDENCIES:
  - Farge (from `https://github.com/onmyway133/Farge`)

EXTERNAL SOURCES:
  Farge:
    :git: https://github.com/onmyway133/Farge

CHECKOUT OPTIONS:
  Farge:
    :commit: a31bf192fe74004ad535a4a8aa63433837213ff4
    :git: https://github.com/onmyway133/Farge

SPEC CHECKSUMS:
  Farge: 39d56cd1b38dce0eaef358d60f78831baa82618a

PODFILE CHECKSUM: cf49e76f7dd866e31fe2eca4a5e0ca9165e6e8ef

COCOAPODS: 1.2.1
